
Microsoft Visual Studio Solution File, Format Version 12.00
# Visual Studio 15
VisualStudioVersion = 15.0.26730.15
MinimumVisualStudioVersion = 10.0.40219.1
Project("{FAE04EC0-301F-11D3-BF4B-00C04F79EFBC}") = "PerformanceCheck", "PerformanceCheck\PerformanceCheck.csproj", "{D9F0B2C0-F37B-4083-9AFB-3E8C3E6356BF}"
EndProject
Global
	GlobalSection(SolutionConfigurationPlatforms) = preSolution
		Debug|Any CPU = Debug|Any CPU
		Release|Any CPU = Release|Any CPU
	EndGlobalSection
	GlobalSection(ProjectConfigurationPlatforms) = postSolution
		{D9F0B2C0-F37B-4083-9AFB-3E8C3E6356BF}.Debug|Any CPU.ActiveCfg = Debug|Any CPU
		{D9F0B2C0-F37B-4083-9AFB-3E8C3E6356BF}.Debug|Any CPU.Build.0 = Debug|Any CPU
		{D9F0B2C0-F37B-4083-9AFB-3E8C3E6356BF}.Release|Any CPU.ActiveCfg = Release|Any CPU
		{D9F0B2C0-F37B-4083-9AFB-3E8C3E6356BF}.Release|Any CPU.Build.0 = Release|Any CPU
	EndGlobalSection
	GlobalSection(SolutionProperties) = preSolution
		HideSolutionNode = FALSE
	EndGlobalSection
	GlobalSection(ExtensibilityGlobals) = postSolution
		SolutionGuid = {2655F923-9C14-4543-9E79-5DA4E6E76091}
	EndGlobalSection
EndGlobal
